
Microsoft Visual Studio Solution File, Format Version 12.00
# Visual Studio Version 16
VisualStudioVersion = 16.0.31424.327
MinimumVisualStudioVersion = 10.0.40219.1
Project("{FAE04EC0-301F-11D3-BF4B-00C04F79EFBC}") = "Actividad1", "Actividad1\Actividad1.csproj", "{69B02891-7AAC-45F6-9582-1AA16B72BA19}"
EndProject
Project("{FAE04EC0-301F-11D3-BF4B-00C04F79EFBC}") = "Actividad2", "Actividad2\Actividad2.csproj", "{7E9C4ED5-1E10-4F0C-9489-8334D347F1A2}"
EndProject
Project("{FAE04EC0-301F-11D3-BF4B-00C04F79EFBC}") = "Actividad3", "Actividad3\Actividad3.csproj", "{001C3E5F-5C75-444E-B818-D4A80D7EBB64}"
EndProject
Project("{FAE04EC0-301F-11D3-BF4B-00C04F79EFBC}") = "Entidades", "Entidades\Entidades.csproj", "{8B6FB2BB-5654-4AE6-96D1-6A77C8CF668A}"
EndProject
Project("{FAE04EC0-301F-11D3-BF4B-00C04F79EFBC}") = "BonusTrack", "BonusTrack\BonusTrack.csproj", "{04247DAA-32E3-4311-A402-C5B33B7875C2}"
EndProject
Project("{FAE04EC0-301F-11D3-BF4B-00C04F79EFBC}") = "Dal", "Dal\Dal.csproj", "{0CC6F1DD-DAD7-4DE6-8C15-4FE297B6069E}"
EndProject
Global
	GlobalSection(SolutionConfigurationPlatforms) = preSolution
		Debug|Any CPU = Debug|Any CPU
		Release|Any CPU = Release|Any CPU
	EndGlobalSection
	GlobalSection(ProjectConfigurationPlatforms) = postSolution
		{69B02891-7AAC-45F6-9582-1AA16B72BA19}.Debug|Any CPU.ActiveCfg = Debug|Any CPU
		{69B02891-7AAC-45F6-9582-1AA16B72BA19}.Debug|Any CPU.Build.0 = Debug|Any CPU
		{69B02891-7AAC-45F6-9582-1AA16B72BA19}.Release|Any CPU.ActiveCfg = Release|Any CPU
		{69B02891-7AAC-45F6-9582-1AA16B72BA19}.Release|Any CPU.Build.0 = Release|Any CPU
		{7E9C4ED5-1E10-4F0C-9489-8334D347F1A2}.Debug|Any CPU.ActiveCfg = Debug|Any CPU
		{7E9C4ED5-1E10-4F0C-9489-8334D347F1A2}.Debug|Any CPU.Build.0 = Debug|Any CPU
		{7E9C4ED5-1E10-4F0C-9489-8334D347F1A2}.Release|Any CPU.ActiveCfg = Release|Any CPU
		{7E9C4ED5-1E10-4F0C-9489-8334D347F1A2}.Release|Any CPU.Build.0 = Release|Any CPU
		{001C3E5F-5C75-444E-B818-D4A80D7EBB64}.Debug|Any CPU.ActiveCfg = Debug|Any CPU
		{001C3E5F-5C75-444E-B818-D4A80D7EBB64}.Debug|Any CPU.Build.0 = Debug|Any CPU
		{001C3E5F-5C75-444E-B818-D4A80D7EBB64}.Release|Any CPU.ActiveCfg = Release|Any CPU
		{001C3E5F-5C75-444E-B818-D4A80D7EBB64}.Release|Any CPU.Build.0 = Release|Any CPU
		{8B6FB2BB-5654-4AE6-96D1-6A77C8CF668A}.Debug|Any CPU.ActiveCfg = Debug|Any CPU
		{8B6FB2BB-5654-4AE6-96D1-6A77C8CF668A}.Debug|Any CPU.Build.0 = Debug|Any CPU
		{8B6FB2BB-5654-4AE6-96D1-6A77C8CF668A}.Release|Any CPU.ActiveCfg = Release|Any CPU
		{8B6FB2BB-5654-4AE6-96D1-6A77C8CF668A}.Release|Any CPU.Build.0 = Release|Any CPU
		{04247DAA-32E3-4311-A402-C5B33B7875C2}.Debug|Any CPU.ActiveCfg = Debug|Any CPU
		{04247DAA-32E3-4311-A402-C5B33B7875C2}.Debug|Any CPU.Build.0 = Debug|Any CPU
		{04247DAA-32E3-4311-A402-C5B33B7875C2}.Release|Any CPU.ActiveCfg = Release|Any CPU
		{04247DAA-32E3-4311-A402-C5B33B7875C2}.Release|Any CPU.Build.0 = Release|Any CPU
		{0CC6F1DD-DAD7-4DE6-8C15-4FE297B6069E}.Debug|Any CPU.ActiveCfg = Debug|Any CPU
		{0CC6F1DD-DAD7-4DE6-8C15-4FE297B6069E}.Debug|Any CPU.Build.0 = Debug|Any CPU
		{0CC6F1DD-DAD7-4DE6-8C15-4FE297B6069E}.Release|Any CPU.ActiveCfg = Release|Any CPU
		{0CC6F1DD-DAD7-4DE6-8C15-4FE297B6069E}.Release|Any CPU.Build.0 = Release|Any CPU
	EndGlobalSection
	GlobalSection(SolutionProperties) = preSolution
		HideSolutionNode = FALSE
	EndGlobalSection
	GlobalSection(ExtensibilityGlobals) = postSolution
		SolutionGuid = {1D533EA3-4522-4FC9-ABEB-F5297C95C65A}
	EndGlobalSection
EndGlobal
