
Microsoft Visual Studio Solution File, Format Version 12.00
# Visual Studio Version 16
VisualStudioVersion = 16.0.31424.327
MinimumVisualStudioVersion = 10.0.40219.1
Project("{FAE04EC0-301F-11D3-BF4B-00C04F79EFBC}") = "Actividad1", "Actividad1\Actividad1.csproj", "{851681F7-D284-456D-970B-AB2FF6F286E8}"
EndProject
Project("{FAE04EC0-301F-11D3-BF4B-00C04F79EFBC}") = "Dal", "Dal\Dal.csproj", "{C88C0619-B5A3-4987-B02A-70A9CF563172}"
EndProject
Project("{FAE04EC0-301F-11D3-BF4B-00C04F79EFBC}") = "Entidades", "Entidades\Entidades.csproj", "{FF4F1605-AAAB-4A97-8FC3-64680ED5F483}"
EndProject
Global
	GlobalSection(SolutionConfigurationPlatforms) = preSolution
		Debug|Any CPU = Debug|Any CPU
		Release|Any CPU = Release|Any CPU
	EndGlobalSection
	GlobalSection(ProjectConfigurationPlatforms) = postSolution
		{851681F7-D284-456D-970B-AB2FF6F286E8}.Debug|Any CPU.ActiveCfg = Debug|Any CPU
		{851681F7-D284-456D-970B-AB2FF6F286E8}.Debug|Any CPU.Build.0 = Debug|Any CPU
		{851681F7-D284-456D-970B-AB2FF6F286E8}.Release|Any CPU.ActiveCfg = Release|Any CPU
		{851681F7-D284-456D-970B-AB2FF6F286E8}.Release|Any CPU.Build.0 = Release|Any CPU
		{C88C0619-B5A3-4987-B02A-70A9CF563172}.Debug|Any CPU.ActiveCfg = Debug|Any CPU
		{C88C0619-B5A3-4987-B02A-70A9CF563172}.Debug|Any CPU.Build.0 = Debug|Any CPU
		{C88C0619-B5A3-4987-B02A-70A9CF563172}.Release|Any CPU.ActiveCfg = Release|Any CPU
		{C88C0619-B5A3-4987-B02A-70A9CF563172}.Release|Any CPU.Build.0 = Release|Any CPU
		{FF4F1605-AAAB-4A97-8FC3-64680ED5F483}.Debug|Any CPU.ActiveCfg = Debug|Any CPU
		{FF4F1605-AAAB-4A97-8FC3-64680ED5F483}.Debug|Any CPU.Build.0 = Debug|Any CPU
		{FF4F1605-AAAB-4A97-8FC3-64680ED5F483}.Release|Any CPU.ActiveCfg = Release|Any CPU
		{FF4F1605-AAAB-4A97-8FC3-64680ED5F483}.Release|Any CPU.Build.0 = Release|Any CPU
	EndGlobalSection
	GlobalSection(SolutionProperties) = preSolution
		HideSolutionNode = FALSE
	EndGlobalSection
	GlobalSection(ExtensibilityGlobals) = postSolution
		SolutionGuid = {1930CDA5-37EE-4074-B73D-0905459D6034}
	EndGlobalSection
EndGlobal
