
Microsoft Visual Studio Solution File, Format Version 12.00
# Visual Studio Version 16
VisualStudioVersion = 16.0.31727.386
MinimumVisualStudioVersion = 10.0.40219.1
Project("{FAE04EC0-301F-11D3-BF4B-00C04F79EFBC}") = "HelloWorld_WebForms01_UI", "HelloWorld_WebForms01_UI\HelloWorld_WebForms01_UI.csproj", "{8629E0E7-7830-453A-AD45-828CA3EB2860}"
EndProject
Project("{FAE04EC0-301F-11D3-BF4B-00C04F79EFBC}") = "HelloWorld_WebForms01_Entidades", "HelloWorld_WebForms01_Entidades\HelloWorld_WebForms01_Entidades.csproj", "{6F658177-DAF3-4EEB-90A6-A1391BD9504C}"
EndProject
Global
	GlobalSection(SolutionConfigurationPlatforms) = preSolution
		Debug|Any CPU = Debug|Any CPU
		Release|Any CPU = Release|Any CPU
	EndGlobalSection
	GlobalSection(ProjectConfigurationPlatforms) = postSolution
		{8629E0E7-7830-453A-AD45-828CA3EB2860}.Debug|Any CPU.ActiveCfg = Debug|Any CPU
		{8629E0E7-7830-453A-AD45-828CA3EB2860}.Debug|Any CPU.Build.0 = Debug|Any CPU
		{8629E0E7-7830-453A-AD45-828CA3EB2860}.Release|Any CPU.ActiveCfg = Release|Any CPU
		{8629E0E7-7830-453A-AD45-828CA3EB2860}.Release|Any CPU.Build.0 = Release|Any CPU
		{6F658177-DAF3-4EEB-90A6-A1391BD9504C}.Debug|Any CPU.ActiveCfg = Debug|Any CPU
		{6F658177-DAF3-4EEB-90A6-A1391BD9504C}.Debug|Any CPU.Build.0 = Debug|Any CPU
		{6F658177-DAF3-4EEB-90A6-A1391BD9504C}.Release|Any CPU.ActiveCfg = Release|Any CPU
		{6F658177-DAF3-4EEB-90A6-A1391BD9504C}.Release|Any CPU.Build.0 = Release|Any CPU
	EndGlobalSection
	GlobalSection(SolutionProperties) = preSolution
		HideSolutionNode = FALSE
	EndGlobalSection
	GlobalSection(ExtensibilityGlobals) = postSolution
		SolutionGuid = {B5BB0026-48D4-4698-90C8-9079EC4CE05E}
	EndGlobalSection
EndGlobal
